
Microsoft Visual Studio Solution File, Format Version 12.00
# Visual Studio 2012
Project("{FAE04EC0-301F-11D3-BF4B-00C04F79EFBC}") = "DontShrinkTests", "DontShrinkTests\DontShrinkTests.csproj", "{A27BC94B-7551-46D8-8587-5418AF06E356}"
EndProject
Project("{2150E333-8FDC-42A3-9474-1A3956D46DE8}") = ".nuget", ".nuget", "{23BF2CDA-D6F1-4167-8705-8E4D3D3A9984}"
	ProjectSection(SolutionItems) = preProject
		.nuget\NuGet.Config = .nuget\NuGet.Config
		.nuget\NuGet.exe = .nuget\NuGet.exe
		.nuget\NuGet.targets = .nuget\NuGet.targets
	EndProjectSection
EndProject
Global
	GlobalSection(SolutionConfigurationPlatforms) = preSolution
		Debug|Any CPU = Debug|Any CPU
		Release|Any CPU = Release|Any CPU
	EndGlobalSection
	GlobalSection(ProjectConfigurationPlatforms) = postSolution
		{A27BC94B-7551-46D8-8587-5418AF06E356}.Debug|Any CPU.ActiveCfg = Debug|Any CPU
		{A27BC94B-7551-46D8-8587-5418AF06E356}.Debug|Any CPU.Build.0 = Debug|Any CPU
		{A27BC94B-7551-46D8-8587-5418AF06E356}.Release|Any CPU.ActiveCfg = Release|Any CPU
		{A27BC94B-7551-46D8-8587-5418AF06E356}.Release|Any CPU.Build.0 = Release|Any CPU
	EndGlobalSection
	GlobalSection(SolutionProperties) = preSolution
		HideSolutionNode = FALSE
	EndGlobalSection
EndGlobal
